
Microsoft Visual Studio Solution File, Format Version 12.00
# Visual Studio Version 16
VisualStudioVersion = 16.0.31729.503
MinimumVisualStudioVersion = 10.0.40219.1
Project("{FAE04EC0-301F-11D3-BF4B-00C04F79EFBC}") = "AlterarTema", "AlterarTema\AlterarTema.csproj", "{1FF2A087-964E-492F-AFB7-60074FE850E2}"
EndProject
Global
	GlobalSection(SolutionConfigurationPlatforms) = preSolution
		Debug|Any CPU = Debug|Any CPU
		Release|Any CPU = Release|Any CPU
	EndGlobalSection
	GlobalSection(ProjectConfigurationPlatforms) = postSolution
		{1FF2A087-964E-492F-AFB7-60074FE850E2}.Debug|Any CPU.ActiveCfg = Debug|Any CPU
		{1FF2A087-964E-492F-AFB7-60074FE850E2}.Debug|Any CPU.Build.0 = Debug|Any CPU
		{1FF2A087-964E-492F-AFB7-60074FE850E2}.Release|Any CPU.ActiveCfg = Release|Any CPU
		{1FF2A087-964E-492F-AFB7-60074FE850E2}.Release|Any CPU.Build.0 = Release|Any CPU
	EndGlobalSection
	GlobalSection(SolutionProperties) = preSolution
		HideSolutionNode = FALSE
	EndGlobalSection
	GlobalSection(ExtensibilityGlobals) = postSolution
		SolutionGuid = {4228DCFC-6353-4877-8E14-34C79C0711A8}
	EndGlobalSection
EndGlobal
